Microsoft Visual Studio Solution File, Format Version 12.00
# Visual Studio Version 17
VisualStudioVersion = 17.5.2.0
MinimumVisualStudioVersion = 10.0.40219.1
Project("{FAE04EC0-301F-11D3-BF4B-00C04F79EFBC}") = "AI-Task-Planner", "AI-Task-Planner\AI-Task-Planner.csproj", "{6905669F-26C3-7806-1AAD-937C7794C47D}"
EndProject
Global
	GlobalSection(SolutionConfigurationPlatforms) = preSolution
		Debug|Any CPU = Debug|Any CPU
		Release|Any CPU = Release|Any CPU
	EndGlobalSection
	GlobalSection(ProjectConfigurationPlatforms) = postSolution
		{6905669F-26C3-7806-1AAD-937C7794C47D}.Debug|Any CPU.ActiveCfg = Debug|Any CPU
		{6905669F-26C3-7806-1AAD-937C7794C47D}.Debug|Any CPU.Build.0 = Debug|Any CPU
		{6905669F-26C3-7806-1AAD-937C7794C47D}.Release|Any CPU.ActiveCfg = Release|Any CPU
		{6905669F-26C3-7806-1AAD-937C7794C47D}.Release|Any CPU.Build.0 = Release|Any CPU
	EndGlobalSection
	GlobalSection(SolutionProperties) = preSolution
		HideSolutionNode = FALSE
	EndGlobalSection
	GlobalSection(ExtensibilityGlobals) = postSolution
		SolutionGuid = {6D506E16-06E6-4DC0-8674-585DEE793599}
	EndGlobalSection
EndGlobal
